
Microsoft Visual Studio Solution File, Format Version 12.00
# Visual Studio Version 16
VisualStudioVersion = 16.0.30002.166
MinimumVisualStudioVersion = 10.0.40219.1
Project("{2150E333-8FDC-42A3-9474-1A3956D46DE8}") = "Server", "Server", "{617DB4AF-6DF3-46CB-9941-545D3D825F81}"
EndProject
Project("{FAE04EC0-301F-11D3-BF4B-00C04F79EFBC}") = "ProductivityTools.TeamManagement.DBScripts", "src\Server\ProductivityTools.TeamManagement.DBScripts\ProductivityTools.TeamManagement.DBScripts.csproj", "{01A2B0CD-A1F8-4D83-B105-24350368D7F3}"
EndProject
Project("{FAE04EC0-301F-11D3-BF4B-00C04F79EFBC}") = "ProductivityTools.TeamManagement.DB", "src\Server\ProductivityTools.TeamManagement.DB\ProductivityTools.TeamManagement.DB.csproj", "{A8C3FC10-876C-4F0B-9B9D-5FD5854C32E9}"
EndProject
Project("{FAE04EC0-301F-11D3-BF4B-00C04F79EFBC}") = "ProductivityTools.TeamManagement.WebApi", "ProductivityTools.TeamManagement.WebApi\ProductivityTools.TeamManagement.WebApi.csproj", "{FC6B4543-3401-436C-9B9C-127FA486BCE7}"
EndProject
Project("{FAE04EC0-301F-11D3-BF4B-00C04F79EFBC}") = "ProductivityTools.TeamManagement.Database", "ProductivityTools.TeamManagement.Database\ProductivityTools.TeamManagement.Database.csproj", "{A91983B8-A589-4166-8E76-99ADB55AA716}"
EndProject
Project("{FAE04EC0-301F-11D3-BF4B-00C04F79EFBC}") = "ProductivityTools.TeamManagement.DatabaseMigrations", "ProductivityTools.TeamManagement.DatabaseMigrations\ProductivityTools.TeamManagement.DatabaseMigrations.csproj", "{CE2957E7-16EA-4D95-A87F-E86349BE9EF4}"
EndProject
Global
	GlobalSection(SolutionConfigurationPlatforms) = preSolution
		Debug|Any CPU = Debug|Any CPU
		Release|Any CPU = Release|Any CPU
	EndGlobalSection
	GlobalSection(ProjectConfigurationPlatforms) = postSolution
		{01A2B0CD-A1F8-4D83-B105-24350368D7F3}.Debug|Any CPU.ActiveCfg = Debug|Any CPU
		{01A2B0CD-A1F8-4D83-B105-24350368D7F3}.Debug|Any CPU.Build.0 = Debug|Any CPU
		{01A2B0CD-A1F8-4D83-B105-24350368D7F3}.Release|Any CPU.ActiveCfg = Release|Any CPU
		{01A2B0CD-A1F8-4D83-B105-24350368D7F3}.Release|Any CPU.Build.0 = Release|Any CPU
		{A8C3FC10-876C-4F0B-9B9D-5FD5854C32E9}.Debug|Any CPU.ActiveCfg = Debug|Any CPU
		{A8C3FC10-876C-4F0B-9B9D-5FD5854C32E9}.Debug|Any CPU.Build.0 = Debug|Any CPU
		{A8C3FC10-876C-4F0B-9B9D-5FD5854C32E9}.Release|Any CPU.ActiveCfg = Release|Any CPU
		{A8C3FC10-876C-4F0B-9B9D-5FD5854C32E9}.Release|Any CPU.Build.0 = Release|Any CPU
		{FC6B4543-3401-436C-9B9C-127FA486BCE7}.Debug|Any CPU.ActiveCfg = Debug|Any CPU
		{FC6B4543-3401-436C-9B9C-127FA486BCE7}.Debug|Any CPU.Build.0 = Debug|Any CPU
		{FC6B4543-3401-436C-9B9C-127FA486BCE7}.Release|Any CPU.ActiveCfg = Release|Any CPU
		{FC6B4543-3401-436C-9B9C-127FA486BCE7}.Release|Any CPU.Build.0 = Release|Any CPU
		{A91983B8-A589-4166-8E76-99ADB55AA716}.Debug|Any CPU.ActiveCfg = Debug|Any CPU
		{A91983B8-A589-4166-8E76-99ADB55AA716}.Debug|Any CPU.Build.0 = Debug|Any CPU
		{A91983B8-A589-4166-8E76-99ADB55AA716}.Release|Any CPU.ActiveCfg = Release|Any CPU
		{A91983B8-A589-4166-8E76-99ADB55AA716}.Release|Any CPU.Build.0 = Release|Any CPU
		{CE2957E7-16EA-4D95-A87F-E86349BE9EF4}.Debug|Any CPU.ActiveCfg = Debug|Any CPU
		{CE2957E7-16EA-4D95-A87F-E86349BE9EF4}.Debug|Any CPU.Build.0 = Debug|Any CPU
		{CE2957E7-16EA-4D95-A87F-E86349BE9EF4}.Release|Any CPU.ActiveCfg = Release|Any CPU
		{CE2957E7-16EA-4D95-A87F-E86349BE9EF4}.Release|Any CPU.Build.0 = Release|Any CPU
	EndGlobalSection
	GlobalSection(SolutionProperties) = preSolution
		HideSolutionNode = FALSE
	EndGlobalSection
	GlobalSection(NestedProjects) = preSolution
		{01A2B0CD-A1F8-4D83-B105-24350368D7F3} = {617DB4AF-6DF3-46CB-9941-545D3D825F81}
		{A8C3FC10-876C-4F0B-9B9D-5FD5854C32E9} = {617DB4AF-6DF3-46CB-9941-545D3D825F81}
	EndGlobalSection
	GlobalSection(ExtensibilityGlobals) = postSolution
		SolutionGuid = {5DABE635-8C87-4771-B8B3-8126A54B45E9}
	EndGlobalSection
EndGlobal
